// !$*UTF8*$!
{
	archiveVersion = 1;
	classes = {
	};
	objectVersion = 77;
	objects = {

/* Begin PBXBuildFile section */
		0EF9EE721B83F5B330AE51B0 /* CRAudioEngineLifecycleTests.swift in Sources */ = {isa = PBXBuildFile; fileRef = 75ADBCF92F1271159D47E12A /* CRAudioEngineLifecycleTests.swift */; };
		2000DB09BA42F28747139F01 /* CRAudioEngineIntegrationTests.swift in Sources */ = {isa = PBXBuildFile; fileRef = 8E4BBB253157B6839597F1AD /* CRAudioEngineIntegrationTests.swift */; };
		268BFCDCEF7DE65AB0CE297A /* ResetTinnitusUITests.swift in Sources */ = {isa = PBXBuildFile; fileRef = C49FED3BC7A6B4BBEAAF7D70 /* ResetTinnitusUITests.swift */; };
		30921C5E4C611A5DF81442CC /* PitchRange.swift in Sources */ = {isa = PBXBuildFile; fileRef = 61995E6F5E0279BCBAA1682D /* PitchRange.swift */; };
		3505A42765DB2370975B079F /* SeededRNG.swift in Sources */ = {isa = PBXBuildFile; fileRef = 4A56EF4020248A08D1A1FBCC /* SeededRNG.swift */; };
		36C274B0D3756CE27462DD31 /* ResetTinnitusApp.swift in Sources */ = {isa = PBXBuildFile; fileRef = E402D7EA376083AABCAB964E /* ResetTinnitusApp.swift */; };
		3D02AABC02ECCBCE34174314 /* CRTimingTests.swift in Sources */ = {isa = PBXBuildFile; fileRef = B8621FDBD6558DF640BF8ED7 /* CRTimingTests.swift */; };
		7FDA421841865910C1606996 /* FrequencyStoreTests.swift in Sources */ = {isa = PBXBuildFile; fileRef = AC1286939A614CBC54A7EA28 /* FrequencyStoreTests.swift */; };
		91A599EF0D10632DC96CDE1F /* CRCyclePattern.swift in Sources */ = {isa = PBXBuildFile; fileRef = 8D006F4FE0861380D9AC7DF4 /* CRCyclePattern.swift */; };
		92139EE6838C967B1C1D0E53 /* CRSessionScheduleTests.swift in Sources */ = {isa = PBXBuildFile; fileRef = 547FB0283D2086159312302F /* CRSessionScheduleTests.swift */; };
		A3351278F1A0BB1B566F9458 /* CRSessionSchedule.swift in Sources */ = {isa = PBXBuildFile; fileRef = 318FBE301508591F97C954A3 /* CRSessionSchedule.swift */; };
		B2FC9678973CE718FCF5B7BB /* FrequencyStore.swift in Sources */ = {isa = PBXBuildFile; fileRef = D1BD64A077663E62FF813DFF /* FrequencyStore.swift */; };
		C20383DFB7AC0EDA6E9E239E /* CRTiming.swift in Sources */ = {isa = PBXBuildFile; fileRef = 0F8667271A0C2513F73589DC /* CRTiming.swift */; };
		CD423B2E2C7D71731B51B9A0 /* DisclaimerView.swift in Sources */ = {isa = PBXBuildFile; fileRef = 485BF0C7AAD867ED9170A184 /* DisclaimerView.swift */; };
		CDE735F42BAF0B8F9D55F4D5 /* PitchRangeTests.swift in Sources */ = {isa = PBXBuildFile; fileRef = F2E715F4121DC6FA988F45C9 /* PitchRangeTests.swift */; };
		D8DA324A2CA145D719F31430 /* ToneSetDerivation.swift in Sources */ = {isa = PBXBuildFile; fileRef = 2641FA8F8B6D3FF45C2D664E /* ToneSetDerivation.swift */; };
		D91BD7A6061970C13D63C2BB /* PitchMatchTonePlayer.swift in Sources */ = {isa = PBXBuildFile; fileRef = 11CF7E1E16927EC06962A927 /* PitchMatchTonePlayer.swift */; };
		DB580A7D5878B7898A546A69 /* CRAudioEngine.swift in Sources */ = {isa = PBXBuildFile; fileRef = 017894AACCDB6C817A53A8EA /* CRAudioEngine.swift */; };
		DB6CE6501282D633691DD3BE /* PitchMatchView.swift in Sources */ = {isa = PBXBuildFile; fileRef = 367B4E29004A4A6BA41622EC /* PitchMatchView.swift */; };
		E4932A175238E6C27C0D4491 /* ContentView.swift in Sources */ = {isa = PBXBuildFile; fileRef = A333B6E2116C37B5E0861A25 /* ContentView.swift */; };
		E9D12C909AD5A02F3A65F2CB /* CRCyclePatternTests.swift in Sources */ = {isa = PBXBuildFile; fileRef = 453121DBC373E5BD14834EBD /* CRCyclePatternTests.swift */; };
		EA02601A85237D4319C75315 /* ToneSetDerivationTests.swift in Sources */ = {isa = PBXBuildFile; fileRef = 65EA4E6C20D4F3C4A8EE2C77 /* ToneSetDerivationTests.swift */; };
		ED49713BD726212774752133 /* AppRouteTests.swift in Sources */ = {isa = PBXBuildFile; fileRef = 43EA387A50DBFC8B1C8DFA74 /* AppRouteTests.swift */; };
		F129C2061503E54B07A5ED68 /* AppRoute.swift in Sources */ = {isa = PBXBuildFile; fileRef = E8DCC63D091F8F0F6AA1F662 /* AppRoute.swift */; };
		F5B2BD9BCC148C65194E234D /* MainSessionView.swift in Sources */ = {isa = PBXBuildFile; fileRef = 7B92243BD102F9D58C65D68C /* MainSessionView.swift */; };
/* End PBXBuildFile section */

/* Begin PBXContainerItemProxy section */
		4315D1338DE9C13746743038 /* PBXContainerItemProxy */ = {
			isa = PBXContainerItemProxy;
			containerPortal = 2A8CA2DA740391A0C1CACDE7 /* Project object */;
			proxyType = 1;
			remoteGlobalIDString = 977A6B717C5854E6C856697D;
			remoteInfo = ResetTinnitus;
		};
		D5BE560B0D621CFD36F7440F /* PBXContainerItemProxy */ = {
			isa = PBXContainerItemProxy;
			containerPortal = 2A8CA2DA740391A0C1CACDE7 /* Project object */;
			proxyType = 1;
			remoteGlobalIDString = 977A6B717C5854E6C856697D;
			remoteInfo = ResetTinnitus;
		};
/* End PBXContainerItemProxy section */

/* Begin PBXFileReference section */
		017894AACCDB6C817A53A8EA /* CRAudioEngine.swift */ = {isa = PBXFileReference; lastKnownFileType = sourcecode.swift; path = CRAudioEngine.swift; sourceTree = "<group>"; };
		0D313A53BEF368227A0BD9ED /* ResetTinnitusUITests.xctest */ = {isa = PBXFileReference; explicitFileType = wrapper.cfbundle; includeInIndex = 0; path = ResetTinnitusUITests.xctest; sourceTree = BUILT_PRODUCTS_DIR; };
		0F8667271A0C2513F73589DC /* CRTiming.swift */ = {isa = PBXFileReference; lastKnownFileType = sourcecode.swift; path = CRTiming.swift; sourceTree = "<group>"; };
		11CF7E1E16927EC06962A927 /* PitchMatchTonePlayer.swift */ = {isa = PBXFileReference; lastKnownFileType = sourcecode.swift; path = PitchMatchTonePlayer.swift; sourceTree = "<group>"; };
		2641FA8F8B6D3FF45C2D664E /* ToneSetDerivation.swift */ = {isa = PBXFileReference; lastKnownFileType = sourcecode.swift; path = ToneSetDerivation.swift; sourceTree = "<group>"; };
		318FBE301508591F97C954A3 /* CRSessionSchedule.swift */ = {isa = PBXFileReference; lastKnownFileType = sourcecode.swift; path = CRSessionSchedule.swift; sourceTree = "<group>"; };
		367B4E29004A4A6BA41622EC /* PitchMatchView.swift */ = {isa = PBXFileReference; lastKnownFileType = sourcecode.swift; path = PitchMatchView.swift; sourceTree = "<group>"; };
		3A1F797349D837D01AFE2984 /* ResetTinnitusTests.xctest */ = {isa = PBXFileReference; explicitFileType = wrapper.cfbundle; includeInIndex = 0; path = ResetTinnitusTests.xctest; sourceTree = BUILT_PRODUCTS_DIR; };
		43EA387A50DBFC8B1C8DFA74 /* AppRouteTests.swift */ = {isa = PBXFileReference; lastKnownFileType = sourcecode.swift; path = AppRouteTests.swift; sourceTree = "<group>"; };
		453121DBC373E5BD14834EBD /* CRCyclePatternTests.swift */ = {isa = PBXFileReference; lastKnownFileType = sourcecode.swift; path = CRCyclePatternTests.swift; sourceTree = "<group>"; };
		485BF0C7AAD867ED9170A184 /* DisclaimerView.swift */ = {isa = PBXFileReference; lastKnownFileType = sourcecode.swift; path = DisclaimerView.swift; sourceTree = "<group>"; };
		4A56EF4020248A08D1A1FBCC /* SeededRNG.swift */ = {isa = PBXFileReference; lastKnownFileType = sourcecode.swift; path = SeededRNG.swift; sourceTree = "<group>"; };
		547FB0283D2086159312302F /* CRSessionScheduleTests.swift */ = {isa = PBXFileReference; lastKnownFileType = sourcecode.swift; path = CRSessionScheduleTests.swift; sourceTree = "<group>"; };
		61995E6F5E0279BCBAA1682D /* PitchRange.swift */ = {isa = PBXFileReference; lastKnownFileType = sourcecode.swift; path = PitchRange.swift; sourceTree = "<group>"; };
		65EA4E6C20D4F3C4A8EE2C77 /* ToneSetDerivationTests.swift */ = {isa = PBXFileReference; lastKnownFileType = sourcecode.swift; path = ToneSetDerivationTests.swift; sourceTree = "<group>"; };
		75ADBCF92F1271159D47E12A /* CRAudioEngineLifecycleTests.swift */ = {isa = PBXFileReference; lastKnownFileType = sourcecode.swift; path = CRAudioEngineLifecycleTests.swift; sourceTree = "<group>"; };
		7851A5E048A1310DF7C32942 /* Info.plist */ = {isa = PBXFileReference; lastKnownFileType = text.plist; path = Info.plist; sourceTree = "<group>"; };
		7B92243BD102F9D58C65D68C /* MainSessionView.swift */ = {isa = PBXFileReference; lastKnownFileType = sourcecode.swift; path = MainSessionView.swift; sourceTree = "<group>"; };
		8D006F4FE0861380D9AC7DF4 /* CRCyclePattern.swift */ = {isa = PBXFileReference; lastKnownFileType = sourcecode.swift; path = CRCyclePattern.swift; sourceTree = "<group>"; };
		8E4BBB253157B6839597F1AD /* CRAudioEngineIntegrationTests.swift */ = {isa = PBXFileReference; lastKnownFileType = sourcecode.swift; path = CRAudioEngineIntegrationTests.swift; sourceTree = "<group>"; };
		927C466F410EFBF914B6E74D /* ResetTinnitus.app */ = {isa = PBXFileReference; explicitFileType = wrapper.application; includeInIndex = 0; path = ResetTinnitus.app; sourceTree = BUILT_PRODUCTS_DIR; };
		A333B6E2116C37B5E0861A25 /* ContentView.swift */ = {isa = PBXFileReference; lastKnownFileType = sourcecode.swift; path = ContentView.swift; sourceTree = "<group>"; };
		AC1286939A614CBC54A7EA28 /* FrequencyStoreTests.swift */ = {isa = PBXFileReference; lastKnownFileType = sourcecode.swift; path = FrequencyStoreTests.swift; sourceTree = "<group>"; };
		B8621FDBD6558DF640BF8ED7 /* CRTimingTests.swift */ = {isa = PBXFileReference; lastKnownFileType = sourcecode.swift; path = CRTimingTests.swift; sourceTree = "<group>"; };
		C49FED3BC7A6B4BBEAAF7D70 /* ResetTinnitusUITests.swift */ = {isa = PBXFileReference; lastKnownFileType = sourcecode.swift; path = ResetTinnitusUITests.swift; sourceTree = "<group>"; };
		D1BD64A077663E62FF813DFF /* FrequencyStore.swift */ = {isa = PBXFileReference; lastKnownFileType = sourcecode.swift; path = FrequencyStore.swift; sourceTree = "<group>"; };
		E402D7EA376083AABCAB964E /* ResetTinnitusApp.swift */ = {isa = PBXFileReference; lastKnownFileType = sourcecode.swift; path = ResetTinnitusApp.swift; sourceTree = "<group>"; };
		E8DCC63D091F8F0F6AA1F662 /* AppRoute.swift */ = {isa = PBXFileReference; lastKnownFileType = sourcecode.swift; path = AppRoute.swift; sourceTree = "<group>"; };
		F2E715F4121DC6FA988F45C9 /* PitchRangeTests.swift */ = {isa = PBXFileReference; lastKnownFileType = sourcecode.swift; path = PitchRangeTests.swift; sourceTree = "<group>"; };
/* End PBXFileReference section */

/* Begin PBXGroup section */
		1A1DDCBB81DFD5FC4F478C58 /* Persistence */ = {
			isa = PBXGroup;
			children = (
				D1BD64A077663E62FF813DFF /* FrequencyStore.swift */,
			);
			path = Persistence;
			sourceTree = "<group>";
		};
		23CBDDA3A91773770B31650E /* Products */ = {
			isa = PBXGroup;
			children = (
				927C466F410EFBF914B6E74D /* ResetTinnitus.app */,
				3A1F797349D837D01AFE2984 /* ResetTinnitusTests.xctest */,
				0D313A53BEF368227A0BD9ED /* ResetTinnitusUITests.xctest */,
			);
			name = Products;
			sourceTree = "<group>";
		};
		43DF1A0BC282A4CD95183375 = {
			isa = PBXGroup;
			children = (
				98BFD5F5B24BCC8213A19B20 /* ResetTinnitus */,
				AF1A2DD074944A805061CBEB /* ResetTinnitusTests */,
				C1E17FE92D9D30F34D1BDF92 /* ResetTinnitusUITests */,
				23CBDDA3A91773770B31650E /* Products */,
			);
			sourceTree = "<group>";
		};
		98BFD5F5B24BCC8213A19B20 /* ResetTinnitus */ = {
			isa = PBXGroup;
			children = (
				7851A5E048A1310DF7C32942 /* Info.plist */,
				E402D7EA376083AABCAB964E /* ResetTinnitusApp.swift */,
				F11586BBB28F0E0ED1276FA9 /* Audio */,
				1A1DDCBB81DFD5FC4F478C58 /* Persistence */,
				9B702519C3797BDE32054BC1 /* Views */,
			);
			name = ResetTinnitus;
			path = Sources/ResetTinnitus;
			sourceTree = "<group>";
		};
		9B702519C3797BDE32054BC1 /* Views */ = {
			isa = PBXGroup;
			children = (
				E8DCC63D091F8F0F6AA1F662 /* AppRoute.swift */,
				A333B6E2116C37B5E0861A25 /* ContentView.swift */,
				485BF0C7AAD867ED9170A184 /* DisclaimerView.swift */,
				7B92243BD102F9D58C65D68C /* MainSessionView.swift */,
				367B4E29004A4A6BA41622EC /* PitchMatchView.swift */,
				61995E6F5E0279BCBAA1682D /* PitchRange.swift */,
			);
			path = Views;
			sourceTree = "<group>";
		};
		AF1A2DD074944A805061CBEB /* ResetTinnitusTests */ = {
			isa = PBXGroup;
			children = (
				43EA387A50DBFC8B1C8DFA74 /* AppRouteTests.swift */,
				8E4BBB253157B6839597F1AD /* CRAudioEngineIntegrationTests.swift */,
				75ADBCF92F1271159D47E12A /* CRAudioEngineLifecycleTests.swift */,
				453121DBC373E5BD14834EBD /* CRCyclePatternTests.swift */,
				547FB0283D2086159312302F /* CRSessionScheduleTests.swift */,
				B8621FDBD6558DF640BF8ED7 /* CRTimingTests.swift */,
				AC1286939A614CBC54A7EA28 /* FrequencyStoreTests.swift */,
				F2E715F4121DC6FA988F45C9 /* PitchRangeTests.swift */,
				4A56EF4020248A08D1A1FBCC /* SeededRNG.swift */,
				65EA4E6C20D4F3C4A8EE2C77 /* ToneSetDerivationTests.swift */,
			);
			name = ResetTinnitusTests;
			path = Tests/ResetTinnitusTests;
			sourceTree = "<group>";
		};
		C1E17FE92D9D30F34D1BDF92 /* ResetTinnitusUITests */ = {
			isa = PBXGroup;
			children = (
				C49FED3BC7A6B4BBEAAF7D70 /* ResetTinnitusUITests.swift */,
			);
			name = ResetTinnitusUITests;
			path = Tests/ResetTinnitusUITests;
			sourceTree = "<group>";
		};
		F11586BBB28F0E0ED1276FA9 /* Audio */ = {
			isa = PBXGroup;
			children = (
				017894AACCDB6C817A53A8EA /* CRAudioEngine.swift */,
				8D006F4FE0861380D9AC7DF4 /* CRCyclePattern.swift */,
				318FBE301508591F97C954A3 /* CRSessionSchedule.swift */,
				0F8667271A0C2513F73589DC /* CRTiming.swift */,
				11CF7E1E16927EC06962A927 /* PitchMatchTonePlayer.swift */,
				2641FA8F8B6D3FF45C2D664E /* ToneSetDerivation.swift */,
			);
			path = Audio;
			sourceTree = "<group>";
		};
/* End PBXGroup section */

/* Begin PBXNativeTarget section */
		746EFE5C7797D8103DAEBD61 /* ResetTinnitusTests */ = {
			isa = PBXNativeTarget;
			buildConfigurationList = 0937CFC05283492B12328824 /* Build configuration list for PBXNativeTarget "ResetTinnitusTests" */;
			buildPhases = (
				8FEEC896BD1D7A58039A608E /* Sources */,
			);
			buildRules = (
			);
			dependencies = (
				2234E4237BCB0AB400230776 /* PBXTargetDependency */,
			);
			name = ResetTinnitusTests;
			packageProductDependencies = (
			);
			productName = ResetTinnitusTests;
			productReference = 3A1F797349D837D01AFE2984 /* ResetTinnitusTests.xctest */;
			productType = "com.apple.product-type.bundle.unit-test";
		};
		895DEEFFAD60D6BDAC700173 /* ResetTinnitusUITests */ = {
			isa = PBXNativeTarget;
			buildConfigurationList = B9E4385C39857165A732E905 /* Build configuration list for PBXNativeTarget "ResetTinnitusUITests" */;
			buildPhases = (
				5E09D4E665FBCC1D8A959980 /* Sources */,
			);
			buildRules = (
			);
			dependencies = (
				FD9ADBDF57FF992250184AB2 /* PBXTargetDependency */,
			);
			name = ResetTinnitusUITests;
			packageProductDependencies = (
			);
			productName = ResetTinnitusUITests;
			productReference = 0D313A53BEF368227A0BD9ED /* ResetTinnitusUITests.xctest */;
			productType = "com.apple.product-type.bundle.ui-testing";
		};
		977A6B717C5854E6C856697D /* ResetTinnitus */ = {
			isa = PBXNativeTarget;
			buildConfigurationList = 9C2903E7E941F780BF766571 /* Build configuration list for PBXNativeTarget "ResetTinnitus" */;
			buildPhases = (
				871F4F4A42E5814BF2871CCA /* Sources */,
			);
			buildRules = (
			);
			dependencies = (
			);
			name = ResetTinnitus;
			packageProductDependencies = (
			);
			productName = ResetTinnitus;
			productReference = 927C466F410EFBF914B6E74D /* ResetTinnitus.app */;
			productType = "com.apple.product-type.application";
		};
/* End PBXNativeTarget section */

/* Begin PBXProject section */
		2A8CA2DA740391A0C1CACDE7 /* Project object */ = {
			isa = PBXProject;
			attributes = {
				BuildIndependentTargetsInParallel = YES;
				LastUpgradeCheck = 2700;
				TargetAttributes = {
					746EFE5C7797D8103DAEBD61 = {
						DevelopmentTeam = "";
						ProvisioningStyle = Automatic;
					};
					895DEEFFAD60D6BDAC700173 = {
						DevelopmentTeam = "";
						ProvisioningStyle = Automatic;
						TestTargetID = 977A6B717C5854E6C856697D;
					};
					977A6B717C5854E6C856697D = {
						DevelopmentTeam = "";
						ProvisioningStyle = Automatic;
					};
				};
			};
			buildConfigurationList = CE7022EDAA7C36C6CD1E5A1E /* Build configuration list for PBXProject "ResetTinnitus" */;
			developmentRegion = en;
			hasScannedForEncodings = 0;
			knownRegions = (
				Base,
				en,
			);
			mainGroup = 43DF1A0BC282A4CD95183375;
			minimizedProjectReferenceProxies = 1;
			preferredProjectObjectVersion = 77;
			productRefGroup = 23CBDDA3A91773770B31650E /* Products */;
			projectDirPath = "";
			projectRoot = "";
			targets = (
				977A6B717C5854E6C856697D /* ResetTinnitus */,
				746EFE5C7797D8103DAEBD61 /* ResetTinnitusTests */,
				895DEEFFAD60D6BDAC700173 /* ResetTinnitusUITests */,
			);
		};
/* End PBXProject section */

/* Begin PBXSourcesBuildPhase section */
		5E09D4E665FBCC1D8A959980 /* Sources */ = {
			isa = PBXSourcesBuildPhase;
			buildActionMask = 2147483647;
			files = (
				268BFCDCEF7DE65AB0CE297A /* ResetTinnitusUITests.swift in Sources */,
			);
			runOnlyForDeploymentPostprocessing = 0;
		};
		871F4F4A42E5814BF2871CCA /* Sources */ = {
			isa = PBXSourcesBuildPhase;
			buildActionMask = 2147483647;
			files = (
				F129C2061503E54B07A5ED68 /* AppRoute.swift in Sources */,
				DB580A7D5878B7898A546A69 /* CRAudioEngine.swift in Sources */,
				91A599EF0D10632DC96CDE1F /* CRCyclePattern.swift in Sources */,
				A3351278F1A0BB1B566F9458 /* CRSessionSchedule.swift in Sources */,
				C20383DFB7AC0EDA6E9E239E /* CRTiming.swift in Sources */,
				E4932A175238E6C27C0D4491 /* ContentView.swift in Sources */,
				CD423B2E2C7D71731B51B9A0 /* DisclaimerView.swift in Sources */,
				B2FC9678973CE718FCF5B7BB /* FrequencyStore.swift in Sources */,
				F5B2BD9BCC148C65194E234D /* MainSessionView.swift in Sources */,
				D91BD7A6061970C13D63C2BB /* PitchMatchTonePlayer.swift in Sources */,
				DB6CE6501282D633691DD3BE /* PitchMatchView.swift in Sources */,
				30921C5E4C611A5DF81442CC /* PitchRange.swift in Sources */,
				36C274B0D3756CE27462DD31 /* ResetTinnitusApp.swift in Sources */,
				D8DA324A2CA145D719F31430 /* ToneSetDerivation.swift in Sources */,
			);
			runOnlyForDeploymentPostprocessing = 0;
		};
		8FEEC896BD1D7A58039A608E /* Sources */ = {
			isa = PBXSourcesBuildPhase;
			buildActionMask = 2147483647;
			files = (
				ED49713BD726212774752133 /* AppRouteTests.swift in Sources */,
				2000DB09BA42F28747139F01 /* CRAudioEngineIntegrationTests.swift in Sources */,
				0EF9EE721B83F5B330AE51B0 /* CRAudioEngineLifecycleTests.swift in Sources */,
				E9D12C909AD5A02F3A65F2CB /* CRCyclePatternTests.swift in Sources */,
				92139EE6838C967B1C1D0E53 /* CRSessionScheduleTests.swift in Sources */,
				3D02AABC02ECCBCE34174314 /* CRTimingTests.swift in Sources */,
				7FDA421841865910C1606996 /* FrequencyStoreTests.swift in Sources */,
				CDE735F42BAF0B8F9D55F4D5 /* PitchRangeTests.swift in Sources */,
				3505A42765DB2370975B079F /* SeededRNG.swift in Sources */,
				EA02601A85237D4319C75315 /* ToneSetDerivationTests.swift in Sources */,
			);
			runOnlyForDeploymentPostprocessing = 0;
		};
/* End PBXSourcesBuildPhase section */

/* Begin PBXTargetDependency section */
		2234E4237BCB0AB400230776 /* PBXTargetDependency */ = {
			isa = PBXTargetDependency;
			target = 977A6B717C5854E6C856697D /* ResetTinnitus */;
			targetProxy = D5BE560B0D621CFD36F7440F /* PBXContainerItemProxy */;
		};
		FD9ADBDF57FF992250184AB2 /* PBXTargetDependency */ = {
			isa = PBXTargetDependency;
			target = 977A6B717C5854E6C856697D /* ResetTinnitus */;
			targetProxy = 4315D1338DE9C13746743038 /* PBXContainerItemProxy */;
		};
/* End PBXTargetDependency section */

/* Begin XCBuildConfiguration section */
		0B1F9C258D6FD9392A682B09 /* Debug */ = {
			isa = XCBuildConfiguration;
			buildSettings = {
				ASSETCATALOG_COMPILER_APPICON_NAME = AppIcon;
				CODE_SIGN_IDENTITY = "iPhone Developer";
				CURRENT_PROJECT_VERSION = 1;
				GENERATE_INFOPLIST_FILE = NO;
				INFOPLIST_FILE = Sources/ResetTinnitus/Info.plist;
				LD_RUNPATH_SEARCH_PATHS = (
					"$(inherited)",
					"@executable_path/Frameworks",
				);
				MARKETING_VERSION = 1.0;
				PRODUCT_BUNDLE_IDENTIFIER = com.resettinnitus.app;
				SDKROOT = iphoneos;
				TARGETED_DEVICE_FAMILY = "1,2";
			};
			name = Debug;
		};
		0EC9A1FB41ADA2CD427BE115 /* Release */ = {
			isa = XCBuildConfiguration;
			buildSettings = {
				BUNDLE_LOADER = "$(TEST_HOST)";
				GENERATE_INFOPLIST_FILE = YES;
				LD_RUNPATH_SEARCH_PATHS = (
					"$(inherited)",
					"@executable_path/Frameworks",
					"@loader_path/Frameworks",
				);
				PRODUCT_BUNDLE_IDENTIFIER = com.resettinnitus.ResetTinnitusTests;
				SDKROOT = iphoneos;
				TARGETED_DEVICE_FAMILY = "1,2";
				TEST_HOST = "$(BUILT_PRODUCTS_DIR)/ResetTinnitus.app/ResetTinnitus";
			};
			name = Release;
		};
		52A4DE91593BD482325218D2 /* Release */ = {
			isa = XCBuildConfiguration;
			buildSettings = {
				BUNDLE_LOADER = "$(TEST_HOST)";
				GENERATE_INFOPLIST_FILE = YES;
				LD_RUNPATH_SEARCH_PATHS = (
					"$(inherited)",
					"@executable_path/Frameworks",
					"@loader_path/Frameworks",
				);
				PRODUCT_BUNDLE_IDENTIFIER = com.resettinnitus.ResetTinnitusUITests;
				SDKROOT = iphoneos;
				TARGETED_DEVICE_FAMILY = "1,2";
				TEST_TARGET_NAME = ResetTinnitus;
			};
			name = Release;
		};
		7EB133277D77FCCF20AFBBD6 /* Debug */ = {
			isa = XCBuildConfiguration;
			buildSettings = {
				BUNDLE_LOADER = "$(TEST_HOST)";
				GENERATE_INFOPLIST_FILE = YES;
				LD_RUNPATH_SEARCH_PATHS = (
					"$(inherited)",
					"@executable_path/Frameworks",
					"@loader_path/Frameworks",
				);
				PRODUCT_BUNDLE_IDENTIFIER = com.resettinnitus.ResetTinnitusTests;
				SDKROOT = iphoneos;
				TARGETED_DEVICE_FAMILY = "1,2";
				TEST_HOST = "$(BUILT_PRODUCTS_DIR)/ResetTinnitus.app/ResetTinnitus";
			};
			name = Debug;
		};
		A8B139EBD038FEF5CF7FC976 /* Release */ = {
			isa = XCBuildConfiguration;
			buildSettings = {
				ALWAYS_SEARCH_USER_PATHS = NO;
				CLANG_ANALYZER_NONNULL = YES;
				CLANG_ANALYZER_NUMBER_OBJECT_CONVERSION = YES_AGGRESSIVE;
				CLANG_CXX_LANGUAGE_STANDARD = "gnu++14";
				CLANG_CXX_LIBRARY = "libc++";
				CLANG_ENABLE_MODULES = YES;
				CLANG_ENABLE_OBJC_ARC = YES;
				CLANG_ENABLE_OBJC_WEAK = YES;
				CLANG_WARN_BLOCK_CAPTURE_AUTORELEASING = YES;
				CLANG_WARN_BOOL_CONVERSION = YES;
				CLANG_WARN_COMMA = YES;
				CLANG_WARN_CONSTANT_CONVERSION = YES;
				CLANG_WARN_DEPRECATED_OBJC_IMPLEMENTATIONS = YES;
				CLANG_WARN_DIRECT_OBJC_ISA_USAGE = YES_ERROR;
				CLANG_WARN_DOCUMENTATION_COMMENTS = YES;
				CLANG_WARN_EMPTY_BODY = YES;
				CLANG_WARN_ENUM_CONVERSION = YES;
				CLANG_WARN_INFINITE_RECURSION = YES;
				CLANG_WARN_INT_CONVERSION = YES;
				CLANG_WARN_NON_LITERAL_NULL_CONVERSION = YES;
				CLANG_WARN_OBJC_IMPLICIT_RETAIN_SELF = YES;
				CLANG_WARN_OBJC_LITERAL_CONVERSION = YES;
				CLANG_WARN_OBJC_ROOT_CLASS = YES_ERROR;
				CLANG_WARN_QUOTED_INCLUDE_IN_FRAMEWORK_HEADER = YES;
				CLANG_WARN_RANGE_LOOP_ANALYSIS = YES;
				CLANG_WARN_STRICT_PROTOTYPES = YES;
				CLANG_WARN_SUSPICIOUS_MOVE = YES;
				CLANG_WARN_UNGUARDED_AVAILABILITY = YES_AGGRESSIVE;
				CLANG_WARN_UNREACHABLE_CODE = YES;
				CLANG_WARN__DUPLICATE_METHOD_MATCH = YES;
				CODE_SIGN_STYLE = Automatic;
				COPY_PHASE_STRIP = NO;
				DEBUG_INFORMATION_FORMAT = "dwarf-with-dsym";
				DEVELOPMENT_TEAM = "";
				ENABLE_NS_ASSERTIONS = NO;
				ENABLE_STRICT_OBJC_MSGSEND = YES;
				ENABLE_USER_SCRIPT_SANDBOXING = YES;
				GCC_C_LANGUAGE_STANDARD = gnu11;
				GCC_NO_COMMON_BLOCKS = YES;
				GCC_WARN_64_TO_32_BIT_CONVERSION = YES;
				GCC_WARN_ABOUT_RETURN_TYPE = YES_ERROR;
				GCC_WARN_UNDECLARED_SELECTOR = YES;
				GCC_WARN_UNINITIALIZED_AUTOS = YES_AGGRESSIVE;
				GCC_WARN_UNUSED_FUNCTION = YES;
				GCC_WARN_UNUSED_VARIABLE = YES;
				IPHONEOS_DEPLOYMENT_TARGET = 17.0;
				MTL_ENABLE_DEBUG_INFO = NO;
				MTL_FAST_MATH = YES;
				PRODUCT_NAME = "$(TARGET_NAME)";
				SDKROOT = iphoneos;
				STRING_CATALOG_GENERATE_SYMBOLS = YES;
				SWIFT_COMPILATION_MODE = wholemodule;
				SWIFT_OPTIMIZATION_LEVEL = "-O";
				SWIFT_VERSION = 6.0;
			};
			name = Release;
		};
		C545FD2D35C28A4C3849B761 /* Debug */ = {
			isa = XCBuildConfiguration;
			buildSettings = {
				BUNDLE_LOADER = "$(TEST_HOST)";
				GENERATE_INFOPLIST_FILE = YES;
				LD_RUNPATH_SEARCH_PATHS = (
					"$(inherited)",
					"@executable_path/Frameworks",
					"@loader_path/Frameworks",
				);
				PRODUCT_BUNDLE_IDENTIFIER = com.resettinnitus.ResetTinnitusUITests;
				SDKROOT = iphoneos;
				TARGETED_DEVICE_FAMILY = "1,2";
				TEST_TARGET_NAME = ResetTinnitus;
			};
			name = Debug;
		};
		D1CE7DCB308F6D6CF4B17CAB /* Release */ = {
			isa = XCBuildConfiguration;
			buildSettings = {
				ASSETCATALOG_COMPILER_APPICON_NAME = AppIcon;
				CODE_SIGN_IDENTITY = "iPhone Developer";
				CURRENT_PROJECT_VERSION = 1;
				GENERATE_INFOPLIST_FILE = NO;
				INFOPLIST_FILE = Sources/ResetTinnitus/Info.plist;
				LD_RUNPATH_SEARCH_PATHS = (
					"$(inherited)",
					"@executable_path/Frameworks",
				);
				MARKETING_VERSION = 1.0;
				PRODUCT_BUNDLE_IDENTIFIER = com.resettinnitus.app;
				SDKROOT = iphoneos;
				TARGETED_DEVICE_FAMILY = "1,2";
			};
			name = Release;
		};
		EB573993C07D1F382914684E /* Debug */ = {
			isa = XCBuildConfiguration;
			buildSettings = {
				ALWAYS_SEARCH_USER_PATHS = NO;
				CLANG_ANALYZER_NONNULL = YES;
				CLANG_ANALYZER_NUMBER_OBJECT_CONVERSION = YES_AGGRESSIVE;
				CLANG_CXX_LANGUAGE_STANDARD = "gnu++14";
				CLANG_CXX_LIBRARY = "libc++";
				CLANG_ENABLE_MODULES = YES;
				CLANG_ENABLE_OBJC_ARC = YES;
				CLANG_ENABLE_OBJC_WEAK = YES;
				CLANG_WARN_BLOCK_CAPTURE_AUTORELEASING = YES;
				CLANG_WARN_BOOL_CONVERSION = YES;
				CLANG_WARN_COMMA = YES;
				CLANG_WARN_CONSTANT_CONVERSION = YES;
				CLANG_WARN_DEPRECATED_OBJC_IMPLEMENTATIONS = YES;
				CLANG_WARN_DIRECT_OBJC_ISA_USAGE = YES_ERROR;
				CLANG_WARN_DOCUMENTATION_COMMENTS = YES;
				CLANG_WARN_EMPTY_BODY = YES;
				CLANG_WARN_ENUM_CONVERSION = YES;
				CLANG_WARN_INFINITE_RECURSION = YES;
				CLANG_WARN_INT_CONVERSION = YES;
				CLANG_WARN_NON_LITERAL_NULL_CONVERSION = YES;
				CLANG_WARN_OBJC_IMPLICIT_RETAIN_SELF = YES;
				CLANG_WARN_OBJC_LITERAL_CONVERSION = YES;
				CLANG_WARN_OBJC_ROOT_CLASS = YES_ERROR;
				CLANG_WARN_QUOTED_INCLUDE_IN_FRAMEWORK_HEADER = YES;
				CLANG_WARN_RANGE_LOOP_ANALYSIS = YES;
				CLANG_WARN_STRICT_PROTOTYPES = YES;
				CLANG_WARN_SUSPICIOUS_MOVE = YES;
				CLANG_WARN_UNGUARDED_AVAILABILITY = YES_AGGRESSIVE;
				CLANG_WARN_UNREACHABLE_CODE = YES;
				CLANG_WARN__DUPLICATE_METHOD_MATCH = YES;
				CODE_SIGN_STYLE = Automatic;
				COPY_PHASE_STRIP = NO;
				DEBUG_INFORMATION_FORMAT = dwarf;
				DEVELOPMENT_TEAM = "";
				ENABLE_STRICT_OBJC_MSGSEND = YES;
				ENABLE_TESTABILITY = YES;
				ENABLE_USER_SCRIPT_SANDBOXING = YES;
				GCC_C_LANGUAGE_STANDARD = gnu11;
				GCC_DYNAMIC_NO_PIC = NO;
				GCC_NO_COMMON_BLOCKS = YES;
				GCC_OPTIMIZATION_LEVEL = 0;
				GCC_PREPROCESSOR_DEFINITIONS = (
					"$(inherited)",
					"DEBUG=1",
				);
				GCC_WARN_64_TO_32_BIT_CONVERSION = YES;
				GCC_WARN_ABOUT_RETURN_TYPE = YES_ERROR;
				GCC_WARN_UNDECLARED_SELECTOR = YES;
				GCC_WARN_UNINITIALIZED_AUTOS = YES_AGGRESSIVE;
				GCC_WARN_UNUSED_FUNCTION = YES;
				GCC_WARN_UNUSED_VARIABLE = YES;
				IPHONEOS_DEPLOYMENT_TARGET = 17.0;
				MTL_ENABLE_DEBUG_INFO = INCLUDE_SOURCE;
				MTL_FAST_MATH = YES;
				ONLY_ACTIVE_ARCH = YES;
				PRODUCT_NAME = "$(TARGET_NAME)";
				SDKROOT = iphoneos;
				STRING_CATALOG_GENERATE_SYMBOLS = YES;
				SWIFT_ACTIVE_COMPILATION_CONDITIONS = DEBUG;
				SWIFT_OPTIMIZATION_LEVEL = "-Onone";
				SWIFT_VERSION = 6.0;
			};
			name = Debug;
		};
/* End XCBuildConfiguration section */

/* Begin XCConfigurationList section */
		0937CFC05283492B12328824 /* Build configuration list for PBXNativeTarget "ResetTinnitusTests" */ = {
			isa = XCConfigurationList;
			buildConfigurations = (
				7EB133277D77FCCF20AFBBD6 /* Debug */,
				0EC9A1FB41ADA2CD427BE115 /* Release */,
			);
			defaultConfigurationIsVisible = 0;
			defaultConfigurationName = Debug;
		};
		9C2903E7E941F780BF766571 /* Build configuration list for PBXNativeTarget "ResetTinnitus" */ = {
			isa = XCConfigurationList;
			buildConfigurations = (
				0B1F9C258D6FD9392A682B09 /* Debug */,
				D1CE7DCB308F6D6CF4B17CAB /* Release */,
			);
			defaultConfigurationIsVisible = 0;
			defaultConfigurationName = Debug;
		};
		B9E4385C39857165A732E905 /* Build configuration list for PBXNativeTarget "ResetTinnitusUITests" */ = {
			isa = XCConfigurationList;
			buildConfigurations = (
				C545FD2D35C28A4C3849B761 /* Debug */,
				52A4DE91593BD482325218D2 /* Release */,
			);
			defaultConfigurationIsVisible = 0;
			defaultConfigurationName = Debug;
		};
		CE7022EDAA7C36C6CD1E5A1E /* Build configuration list for PBXProject "ResetTinnitus" */ = {
			isa = XCConfigurationList;
			buildConfigurations = (
				EB573993C07D1F382914684E /* Debug */,
				A8B139EBD038FEF5CF7FC976 /* Release */,
			);
			defaultConfigurationIsVisible = 0;
			defaultConfigurationName = Debug;
		};
/* End XCConfigurationList section */
	};
	rootObject = 2A8CA2DA740391A0C1CACDE7 /* Project object */;
}
